
Microsoft Visual Studio Solution File, Format Version 12.00
# Visual Studio Version 17
VisualStudioVersion = 17.14.36310.24
MinimumVisualStudioVersion = 10.0.40219.1
Project("{FAE04EC0-301F-11D3-BF4B-00C04F79EFBC}") = "Catalog.API", "src\Services\Catalog\Catalog.API\Catalog.API.csproj", "{A67E29B7-0E2F-4265-8622-659D55A63639}"
EndProject
Project("{2150E333-8FDC-42A3-9474-1A3956D46DE8}") = "BuildingBlocks", "BuildingBlocks", "{02EA681E-C7D8-13C7-8484-4AC65E1B71E8}"
EndProject
Project("{FAE04EC0-301F-11D3-BF4B-00C04F79EFBC}") = "BuildingBlocks", "src\BuildingBlocks\BuildingBlocks\BuildingBlocks.csproj", "{DC043340-3D41-4817-9328-64B8534E51EF}"
EndProject
Project("{E53339B2-1760-4266-BCC7-CA923CBCF16C}") = "docker-compose", "docker-compose.dcproj", "{81DDED9D-158B-E303-5F62-77A2896D2A5A}"
EndProject
Project("{2150E333-8FDC-42A3-9474-1A3956D46DE8}") = "Services", "Services", "{2F823FAB-83E5-4A52-B2BD-374768FB5E44}"
EndProject
Project("{2150E333-8FDC-42A3-9474-1A3956D46DE8}") = "Catalog", "Catalog", "{E5948F3D-2E65-4D04-A316-6A6C86BF4DDD}"
EndProject
Project("{2150E333-8FDC-42A3-9474-1A3956D46DE8}") = "Basket", "Basket", "{407B8F94-9D64-48C6-B374-35192382DEAB}"
EndProject
Project("{FAE04EC0-301F-11D3-BF4B-00C04F79EFBC}") = "Basket.Api", "src\Services\Basket\Basket.Api\Basket.Api.csproj", "{1EF2CBA6-0194-4461-9274-AA28A7537E25}"
	ProjectSection(ProjectDependencies) = postProject
		{DC043340-3D41-4817-9328-64B8534E51EF} = {DC043340-3D41-4817-9328-64B8534E51EF}
	EndProjectSection
EndProject
Project("{2150E333-8FDC-42A3-9474-1A3956D46DE8}") = "Discount", "Discount", "{F214A5C0-1518-417D-A4BF-3350923F7130}"
EndProject
Project("{FAE04EC0-301F-11D3-BF4B-00C04F79EFBC}") = "Discount.Grpc", "src\Services\Discount\Discount.Grpc\Discount.Grpc.csproj", "{0E3D0E23-F2D4-4068-AF17-A1C198AA466A}"
EndProject
Project("{2150E333-8FDC-42A3-9474-1A3956D46DE8}") = "Ordering", "Ordering", "{BE163E6F-39B7-4D5F-B0A5-8794A378B58A}"
EndProject
Project("{FAE04EC0-301F-11D3-BF4B-00C04F79EFBC}") = "Ordering.API", "src\Services\Ordering\Ordering.API\Ordering.API.csproj", "{B0B0136D-D77C-4E2B-B59E-3B28542BBF51}"
EndProject
Project("{FAE04EC0-301F-11D3-BF4B-00C04F79EFBC}") = "Ordering.Domain", "src\Services\Ordering\Ordering.Domain\Ordering.Domain.csproj", "{1F6E6C2A-1862-4AFF-9F4F-0C2125EEC79C}"
EndProject
Project("{FAE04EC0-301F-11D3-BF4B-00C04F79EFBC}") = "Ordering.Application", "src\Services\Ordering\Ordering.Application\Ordering.Application.csproj", "{2AAF5E29-0FC3-4868-A058-5A574442C0E2}"
EndProject
Project("{FAE04EC0-301F-11D3-BF4B-00C04F79EFBC}") = "Ordering.Infrastructure", "src\Services\Ordering\Ordering.Infrastructure\Ordering.Infrastructure.csproj", "{565C12E5-5CE2-4F5E-9C9D-A9A0D9B6857E}"
EndProject
Global
	GlobalSection(SolutionConfigurationPlatforms) = preSolution
		Debug|Any CPU = Debug|Any CPU
		Release|Any CPU = Release|Any CPU
	EndGlobalSection
	GlobalSection(ProjectConfigurationPlatforms) = postSolution
		{A67E29B7-0E2F-4265-8622-659D55A63639}.Debug|Any CPU.ActiveCfg = Debug|Any CPU
		{A67E29B7-0E2F-4265-8622-659D55A63639}.Debug|Any CPU.Build.0 = Debug|Any CPU
		{A67E29B7-0E2F-4265-8622-659D55A63639}.Release|Any CPU.ActiveCfg = Release|Any CPU
		{A67E29B7-0E2F-4265-8622-659D55A63639}.Release|Any CPU.Build.0 = Release|Any CPU
		{DC043340-3D41-4817-9328-64B8534E51EF}.Debug|Any CPU.ActiveCfg = Debug|Any CPU
		{DC043340-3D41-4817-9328-64B8534E51EF}.Debug|Any CPU.Build.0 = Debug|Any CPU
		{DC043340-3D41-4817-9328-64B8534E51EF}.Release|Any CPU.ActiveCfg = Release|Any CPU
		{DC043340-3D41-4817-9328-64B8534E51EF}.Release|Any CPU.Build.0 = Release|Any CPU
		{81DDED9D-158B-E303-5F62-77A2896D2A5A}.Debug|Any CPU.ActiveCfg = Debug|Any CPU
		{81DDED9D-158B-E303-5F62-77A2896D2A5A}.Debug|Any CPU.Build.0 = Debug|Any CPU
		{81DDED9D-158B-E303-5F62-77A2896D2A5A}.Release|Any CPU.ActiveCfg = Release|Any CPU
		{81DDED9D-158B-E303-5F62-77A2896D2A5A}.Release|Any CPU.Build.0 = Release|Any CPU
		{1EF2CBA6-0194-4461-9274-AA28A7537E25}.Debug|Any CPU.ActiveCfg = Debug|Any CPU
		{1EF2CBA6-0194-4461-9274-AA28A7537E25}.Debug|Any CPU.Build.0 = Debug|Any CPU
		{1EF2CBA6-0194-4461-9274-AA28A7537E25}.Release|Any CPU.ActiveCfg = Release|Any CPU
		{1EF2CBA6-0194-4461-9274-AA28A7537E25}.Release|Any CPU.Build.0 = Release|Any CPU
		{0E3D0E23-F2D4-4068-AF17-A1C198AA466A}.Debug|Any CPU.ActiveCfg = Debug|Any CPU
		{0E3D0E23-F2D4-4068-AF17-A1C198AA466A}.Debug|Any CPU.Build.0 = Debug|Any CPU
		{0E3D0E23-F2D4-4068-AF17-A1C198AA466A}.Release|Any CPU.ActiveCfg = Release|Any CPU
		{0E3D0E23-F2D4-4068-AF17-A1C198AA466A}.Release|Any CPU.Build.0 = Release|Any CPU
		{B0B0136D-D77C-4E2B-B59E-3B28542BBF51}.Debug|Any CPU.ActiveCfg = Debug|Any CPU
		{B0B0136D-D77C-4E2B-B59E-3B28542BBF51}.Debug|Any CPU.Build.0 = Debug|Any CPU
		{B0B0136D-D77C-4E2B-B59E-3B28542BBF51}.Release|Any CPU.ActiveCfg = Release|Any CPU
		{B0B0136D-D77C-4E2B-B59E-3B28542BBF51}.Release|Any CPU.Build.0 = Release|Any CPU
		{1F6E6C2A-1862-4AFF-9F4F-0C2125EEC79C}.Debug|Any CPU.ActiveCfg = Debug|Any CPU
		{1F6E6C2A-1862-4AFF-9F4F-0C2125EEC79C}.Debug|Any CPU.Build.0 = Debug|Any CPU
		{1F6E6C2A-1862-4AFF-9F4F-0C2125EEC79C}.Release|Any CPU.ActiveCfg = Release|Any CPU
		{1F6E6C2A-1862-4AFF-9F4F-0C2125EEC79C}.Release|Any CPU.Build.0 = Release|Any CPU
		{2AAF5E29-0FC3-4868-A058-5A574442C0E2}.Debug|Any CPU.ActiveCfg = Debug|Any CPU
		{2AAF5E29-0FC3-4868-A058-5A574442C0E2}.Debug|Any CPU.Build.0 = Debug|Any CPU
		{2AAF5E29-0FC3-4868-A058-5A574442C0E2}.Release|Any CPU.ActiveCfg = Release|Any CPU
		{2AAF5E29-0FC3-4868-A058-5A574442C0E2}.Release|Any CPU.Build.0 = Release|Any CPU
		{565C12E5-5CE2-4F5E-9C9D-A9A0D9B6857E}.Debug|Any CPU.ActiveCfg = Debug|Any CPU
		{565C12E5-5CE2-4F5E-9C9D-A9A0D9B6857E}.Debug|Any CPU.Build.0 = Debug|Any CPU
		{565C12E5-5CE2-4F5E-9C9D-A9A0D9B6857E}.Release|Any CPU.ActiveCfg = Release|Any CPU
		{565C12E5-5CE2-4F5E-9C9D-A9A0D9B6857E}.Release|Any CPU.Build.0 = Release|Any CPU
	EndGlobalSection
	GlobalSection(SolutionProperties) = preSolution
		HideSolutionNode = FALSE
	EndGlobalSection
	GlobalSection(NestedProjects) = preSolution
		{A67E29B7-0E2F-4265-8622-659D55A63639} = {E5948F3D-2E65-4D04-A316-6A6C86BF4DDD}
		{DC043340-3D41-4817-9328-64B8534E51EF} = {02EA681E-C7D8-13C7-8484-4AC65E1B71E8}
		{E5948F3D-2E65-4D04-A316-6A6C86BF4DDD} = {2F823FAB-83E5-4A52-B2BD-374768FB5E44}
		{407B8F94-9D64-48C6-B374-35192382DEAB} = {2F823FAB-83E5-4A52-B2BD-374768FB5E44}
		{1EF2CBA6-0194-4461-9274-AA28A7537E25} = {407B8F94-9D64-48C6-B374-35192382DEAB}
		{F214A5C0-1518-417D-A4BF-3350923F7130} = {2F823FAB-83E5-4A52-B2BD-374768FB5E44}
		{0E3D0E23-F2D4-4068-AF17-A1C198AA466A} = {F214A5C0-1518-417D-A4BF-3350923F7130}
		{BE163E6F-39B7-4D5F-B0A5-8794A378B58A} = {2F823FAB-83E5-4A52-B2BD-374768FB5E44}
		{B0B0136D-D77C-4E2B-B59E-3B28542BBF51} = {BE163E6F-39B7-4D5F-B0A5-8794A378B58A}
		{1F6E6C2A-1862-4AFF-9F4F-0C2125EEC79C} = {BE163E6F-39B7-4D5F-B0A5-8794A378B58A}
		{2AAF5E29-0FC3-4868-A058-5A574442C0E2} = {BE163E6F-39B7-4D5F-B0A5-8794A378B58A}
		{565C12E5-5CE2-4F5E-9C9D-A9A0D9B6857E} = {BE163E6F-39B7-4D5F-B0A5-8794A378B58A}
	EndGlobalSection
	GlobalSection(ExtensibilityGlobals) = postSolution
		SolutionGuid = {6E72CD6B-D124-4B0D-A043-31BDE5206354}
	EndGlobalSection
EndGlobal
